// !$*UTF8*$!
{
	archiveVersion = 1;
	classes = {
	};
	objectVersion = 77;
	objects = {

/* Begin PBXBuildFile section */
		84D8D5E02F0FC94B00C603CA /* mcrt_max_concurrency.cpp in Sources */ = {isa = PBXBuildFile; fileRef = 84D8D5DC2F0FC94B00C603CA /* mcrt_max_concurrency.cpp */; };
		84D8D5E12F0FC94B00C603CA /* mcrt_tick_count.cpp in Sources */ = {isa = PBXBuildFile; fileRef = 84D8D5DF2F0FC94B00C603CA /* mcrt_tick_count.cpp */; };
		84D8D5E22F0FC94B00C603CA /* mcrt_parallel_reduce.cpp in Sources */ = {isa = PBXBuildFile; fileRef = 84D8D5DE2F0FC94B00C603CA /* mcrt_parallel_reduce.cpp */; };
		84D8D5E32F0FC94B00C603CA /* mcrt_current_thread_index.cpp in Sources */ = {isa = PBXBuildFile; fileRef = 84D8D5DA2F0FC94B00C603CA /* mcrt_current_thread_index.cpp */; };
		84D8D5E42F0FC94B00C603CA /* mcrt_malloc.cpp in Sources */ = {isa = PBXBuildFile; fileRef = 84D8D5DB2F0FC94B00C603CA /* mcrt_malloc.cpp */; };
		84D8D5E52F0FC94B00C603CA /* mcrt_parallel_map.cpp in Sources */ = {isa = PBXBuildFile; fileRef = 84D8D5DD2F0FC94B00C603CA /* mcrt_parallel_map.cpp */; };
		84D8D5E82F0FC9BB00C603CA /* libIntel-TBB.a in Frameworks */ = {isa = PBXBuildFile; fileRef = 84D8D5E72F0FC9BB00C603CA /* libIntel-TBB.a */; };
/* End PBXBuildFile section */

/* Begin PBXFileReference section */
		84D8D5D22F0FC43800C603CA /* McRT-Malloc.framework */ = {isa = PBXFileReference; explicitFileType = wrapper.framework; includeInIndex = 0; path = "McRT-Malloc.framework"; sourceTree = BUILT_PRODUCTS_DIR; };
		84D8D5DA2F0FC94B00C603CA /* mcrt_current_thread_index.cpp */ = {isa = PBXFileReference; lastKnownFileType = sourcecode.cpp.cpp; name = mcrt_current_thread_index.cpp; path = ../source/mcrt_current_thread_index.cpp; sourceTree = SOURCE_ROOT; };
		84D8D5DB2F0FC94B00C603CA /* mcrt_malloc.cpp */ = {isa = PBXFileReference; lastKnownFileType = sourcecode.cpp.cpp; name = mcrt_malloc.cpp; path = ../source/mcrt_malloc.cpp; sourceTree = SOURCE_ROOT; };
		84D8D5DC2F0FC94B00C603CA /* mcrt_max_concurrency.cpp */ = {isa = PBXFileReference; lastKnownFileType = sourcecode.cpp.cpp; name = mcrt_max_concurrency.cpp; path = ../source/mcrt_max_concurrency.cpp; sourceTree = SOURCE_ROOT; };
		84D8D5DD2F0FC94B00C603CA /* mcrt_parallel_map.cpp */ = {isa = PBXFileReference; lastKnownFileType = sourcecode.cpp.cpp; name = mcrt_parallel_map.cpp; path = ../source/mcrt_parallel_map.cpp; sourceTree = SOURCE_ROOT; };
		84D8D5DE2F0FC94B00C603CA /* mcrt_parallel_reduce.cpp */ = {isa = PBXFileReference; lastKnownFileType = sourcecode.cpp.cpp; name = mcrt_parallel_reduce.cpp; path = ../source/mcrt_parallel_reduce.cpp; sourceTree = SOURCE_ROOT; };
		84D8D5DF2F0FC94B00C603CA /* mcrt_tick_count.cpp */ = {isa = PBXFileReference; lastKnownFileType = sourcecode.cpp.cpp; name = mcrt_tick_count.cpp; path = ../source/mcrt_tick_count.cpp; sourceTree = SOURCE_ROOT; };
		84D8D5E72F0FC9BB00C603CA /* libIntel-TBB.a */ = {isa = PBXFileReference; explicitFileType = archive.ar; path = "libIntel-TBB.a"; sourceTree = BUILT_PRODUCTS_DIR; };
/* End PBXFileReference section */

/* Begin PBXFrameworksBuildPhase section */
		84D8D5CF2F0FC43800C603CA /* Frameworks */ = {
			isa = PBXFrameworksBuildPhase;
			buildActionMask = 2147483647;
			files = (
				84D8D5E82F0FC9BB00C603CA /* libIntel-TBB.a in Frameworks */,
			);
			runOnlyForDeploymentPostprocessing = 0;
		};
/* End PBXFrameworksBuildPhase section */

/* Begin PBXGroup section */
		84D8D5B82F0FC39100C603CA = {
			isa = PBXGroup;
			children = (
				84D8D5DA2F0FC94B00C603CA /* mcrt_current_thread_index.cpp */,
				84D8D5DB2F0FC94B00C603CA /* mcrt_malloc.cpp */,
				84D8D5DC2F0FC94B00C603CA /* mcrt_max_concurrency.cpp */,
				84D8D5DD2F0FC94B00C603CA /* mcrt_parallel_map.cpp */,
				84D8D5DE2F0FC94B00C603CA /* mcrt_parallel_reduce.cpp */,
				84D8D5DF2F0FC94B00C603CA /* mcrt_tick_count.cpp */,
				84D8D5E62F0FC9BB00C603CA /* Frameworks */,
				84D8D5C32F0FC39100C603CA /* Products */,
			);
			sourceTree = "<group>";
		};
		84D8D5C32F0FC39100C603CA /* Products */ = {
			isa = PBXGroup;
			children = (
				84D8D5D22F0FC43800C603CA /* McRT-Malloc.framework */,
			);
			name = Products;
			sourceTree = "<group>";
		};
		84D8D5E62F0FC9BB00C603CA /* Frameworks */ = {
			isa = PBXGroup;
			children = (
				84D8D5E72F0FC9BB00C603CA /* libIntel-TBB.a */,
			);
			name = Frameworks;
			sourceTree = "<group>";
		};
/* End PBXGroup section */

/* Begin PBXHeadersBuildPhase section */
		84D8D5CD2F0FC43800C603CA /* Headers */ = {
			isa = PBXHeadersBuildPhase;
			buildActionMask = 2147483647;
			files = (
			);
			runOnlyForDeploymentPostprocessing = 0;
		};
/* End PBXHeadersBuildPhase section */

/* Begin PBXNativeTarget section */
		84D8D5D12F0FC43800C603CA /* McRT-Malloc */ = {
			isa = PBXNativeTarget;
			buildConfigurationList = 84D8D5D92F0FC43800C603CA /* Build configuration list for PBXNativeTarget "McRT-Malloc" */;
			buildPhases = (
				84D8D5CD2F0FC43800C603CA /* Headers */,
				84D8D5CE2F0FC43800C603CA /* Sources */,
				84D8D5CF2F0FC43800C603CA /* Frameworks */,
				84D8D5D02F0FC43800C603CA /* Resources */,
			);
			buildRules = (
			);
			dependencies = (
			);
			name = "McRT-Malloc";
			packageProductDependencies = (
			);
			productName = "McRT-Malloc";
			productReference = 84D8D5D22F0FC43800C603CA /* McRT-Malloc.framework */;
			productType = "com.apple.product-type.framework";
		};
/* End PBXNativeTarget section */

/* Begin PBXProject section */
		84D8D5B92F0FC39100C603CA /* Project object */ = {
			isa = PBXProject;
			attributes = {
				BuildIndependentTargetsInParallel = 1;
				LastUpgradeCheck = 2620;
				TargetAttributes = {
					84D8D5D12F0FC43800C603CA = {
						CreatedOnToolsVersion = 26.2;
					};
				};
			};
			buildConfigurationList = 84D8D5BC2F0FC39100C603CA /* Build configuration list for PBXProject "McRT-Malloc" */;
			developmentRegion = en;
			hasScannedForEncodings = 0;
			knownRegions = (
				en,
				Base,
			);
			mainGroup = 84D8D5B82F0FC39100C603CA;
			minimizedProjectReferenceProxies = 1;
			preferredProjectObjectVersion = 77;
			productRefGroup = 84D8D5C32F0FC39100C603CA /* Products */;
			projectDirPath = "";
			projectRoot = "";
			targets = (
				84D8D5D12F0FC43800C603CA /* McRT-Malloc */,
			);
		};
/* End PBXProject section */

/* Begin PBXResourcesBuildPhase section */
		84D8D5D02F0FC43800C603CA /* Resources */ = {
			isa = PBXResourcesBuildPhase;
			buildActionMask = 2147483647;
			files = (
			);
			runOnlyForDeploymentPostprocessing = 0;
		};
/* End PBXResourcesBuildPhase section */

/* Begin PBXSourcesBuildPhase section */
		84D8D5CE2F0FC43800C603CA /* Sources */ = {
			isa = PBXSourcesBuildPhase;
			buildActionMask = 2147483647;
			files = (
				84D8D5E02F0FC94B00C603CA /* mcrt_max_concurrency.cpp in Sources */,
				84D8D5E12F0FC94B00C603CA /* mcrt_tick_count.cpp in Sources */,
				84D8D5E22F0FC94B00C603CA /* mcrt_parallel_reduce.cpp in Sources */,
				84D8D5E32F0FC94B00C603CA /* mcrt_current_thread_index.cpp in Sources */,
				84D8D5E42F0FC94B00C603CA /* mcrt_malloc.cpp in Sources */,
				84D8D5E52F0FC94B00C603CA /* mcrt_parallel_map.cpp in Sources */,
			);
			runOnlyForDeploymentPostprocessing = 0;
		};
/* End PBXSourcesBuildPhase section */

/* Begin XCBuildConfiguration section */
		84D8D5CB2F0FC39100C603CA /* Debug */ = {
			isa = XCBuildConfiguration;
			buildSettings = {
				ALWAYS_SEARCH_USER_PATHS = NO;
				ARCHS = x86_64;
				CLANG_ANALYZER_NONNULL = YES;
				CLANG_ANALYZER_NUMBER_OBJECT_CONVERSION = YES_AGGRESSIVE;
				CLANG_CXX_LANGUAGE_STANDARD = "c++20";
				CLANG_ENABLE_MODULES = NO;
				CLANG_ENABLE_OBJC_ARC = NO;
				CLANG_ENABLE_OBJC_WEAK = YES;
				CLANG_WARN_BLOCK_CAPTURE_AUTORELEASING = YES;
				CLANG_WARN_BOOL_CONVERSION = YES;
				CLANG_WARN_COMMA = YES;
				CLANG_WARN_CONSTANT_CONVERSION = YES;
				CLANG_WARN_DEPRECATED_OBJC_IMPLEMENTATIONS = YES;
				CLANG_WARN_DIRECT_OBJC_ISA_USAGE = YES_ERROR;
				CLANG_WARN_DOCUMENTATION_COMMENTS = NO;
				CLANG_WARN_EMPTY_BODY = YES;
				CLANG_WARN_ENUM_CONVERSION = YES;
				CLANG_WARN_INFINITE_RECURSION = YES;
				CLANG_WARN_INT_CONVERSION = YES;
				CLANG_WARN_NON_LITERAL_NULL_CONVERSION = YES;
				CLANG_WARN_OBJC_IMPLICIT_RETAIN_SELF = YES;
				CLANG_WARN_OBJC_LITERAL_CONVERSION = YES;
				CLANG_WARN_OBJC_ROOT_CLASS = YES_ERROR;
				CLANG_WARN_QUOTED_INCLUDE_IN_FRAMEWORK_HEADER = YES;
				CLANG_WARN_RANGE_LOOP_ANALYSIS = YES;
				CLANG_WARN_STRICT_PROTOTYPES = YES;
				CLANG_WARN_SUSPICIOUS_MOVE = YES;
				CLANG_WARN_UNGUARDED_AVAILABILITY = YES_AGGRESSIVE;
				CLANG_WARN_UNREACHABLE_CODE = YES;
				CLANG_WARN__DUPLICATE_METHOD_MATCH = YES;
				COPY_PHASE_STRIP = NO;
				DEBUG_INFORMATION_FORMAT = dwarf;
				DEFINES_MODULE = NO;
				DEPLOYMENT_POSTPROCESSING = NO;
				ENABLE_STRICT_OBJC_MSGSEND = YES;
				ENABLE_TESTABILITY = YES;
				ENABLE_USER_SCRIPT_SANDBOXING = YES;
				GCC_C_LANGUAGE_STANDARD = c17;
				GCC_DYNAMIC_NO_PIC = NO;
				GCC_ENABLE_CPP_EXCEPTIONS = NO;
				GCC_ENABLE_CPP_RTTI = NO;
				GCC_NO_COMMON_BLOCKS = YES;
				GCC_OPTIMIZATION_LEVEL = 0;
				GCC_PREPROCESSOR_DEFINITIONS = (
					"$(inherited)",
					"DEBUG=1",
				);
				GCC_SYMBOLS_PRIVATE_EXTERN = NO;
				GCC_WARN_64_TO_32_BIT_CONVERSION = YES;
				GCC_WARN_ABOUT_RETURN_TYPE = YES_ERROR;
				GCC_WARN_UNDECLARED_SELECTOR = YES;
				GCC_WARN_UNINITIALIZED_AUTOS = YES_AGGRESSIVE;
				GCC_WARN_UNUSED_FUNCTION = YES;
				GCC_WARN_UNUSED_VARIABLE = YES;
				MACOSX_DEPLOYMENT_TARGET = 10.15;
				MTL_ENABLE_DEBUG_INFO = INCLUDE_SOURCE;
				MTL_FAST_MATH = YES;
				ONLY_ACTIVE_ARCH = YES;
				SDKROOT = macosx;
				STRIP_INSTALLED_PRODUCT = NO;
			};
			name = Debug;
		};
		84D8D5CC2F0FC39100C603CA /* Release */ = {
			isa = XCBuildConfiguration;
			buildSettings = {
				ALWAYS_SEARCH_USER_PATHS = NO;
				ARCHS = x86_64;
				CLANG_ANALYZER_NONNULL = YES;
				CLANG_ANALYZER_NUMBER_OBJECT_CONVERSION = YES_AGGRESSIVE;
				CLANG_CXX_LANGUAGE_STANDARD = "c++20";
				CLANG_ENABLE_MODULES = NO;
				CLANG_ENABLE_OBJC_ARC = NO;
				CLANG_ENABLE_OBJC_WEAK = YES;
				CLANG_WARN_BLOCK_CAPTURE_AUTORELEASING = YES;
				CLANG_WARN_BOOL_CONVERSION = YES;
				CLANG_WARN_COMMA = YES;
				CLANG_WARN_CONSTANT_CONVERSION = YES;
				CLANG_WARN_DEPRECATED_OBJC_IMPLEMENTATIONS = YES;
				CLANG_WARN_DIRECT_OBJC_ISA_USAGE = YES_ERROR;
				CLANG_WARN_DOCUMENTATION_COMMENTS = NO;
				CLANG_WARN_EMPTY_BODY = YES;
				CLANG_WARN_ENUM_CONVERSION = YES;
				CLANG_WARN_INFINITE_RECURSION = YES;
				CLANG_WARN_INT_CONVERSION = YES;
				CLANG_WARN_NON_LITERAL_NULL_CONVERSION = YES;
				CLANG_WARN_OBJC_IMPLICIT_RETAIN_SELF = YES;
				CLANG_WARN_OBJC_LITERAL_CONVERSION = YES;
				CLANG_WARN_OBJC_ROOT_CLASS = YES_ERROR;
				CLANG_WARN_QUOTED_INCLUDE_IN_FRAMEWORK_HEADER = YES;
				CLANG_WARN_RANGE_LOOP_ANALYSIS = YES;
				CLANG_WARN_STRICT_PROTOTYPES = YES;
				CLANG_WARN_SUSPICIOUS_MOVE = YES;
				CLANG_WARN_UNGUARDED_AVAILABILITY = YES_AGGRESSIVE;
				CLANG_WARN_UNREACHABLE_CODE = YES;
				CLANG_WARN__DUPLICATE_METHOD_MATCH = YES;
				COPY_PHASE_STRIP = YES;
				DEBUG_INFORMATION_FORMAT = "dwarf-with-dsym";
				DEFINES_MODULE = NO;
				DEPLOYMENT_POSTPROCESSING = YES;
				ENABLE_NS_ASSERTIONS = NO;
				ENABLE_STRICT_OBJC_MSGSEND = YES;
				ENABLE_USER_SCRIPT_SANDBOXING = YES;
				GCC_C_LANGUAGE_STANDARD = c17;
				GCC_ENABLE_CPP_EXCEPTIONS = NO;
				GCC_ENABLE_CPP_RTTI = NO;
				GCC_NO_COMMON_BLOCKS = YES;
				GCC_PREPROCESSOR_DEFINITIONS = (
					"$(inherited)",
					"NDEBUG=1",
				);
				GCC_SYMBOLS_PRIVATE_EXTERN = NO;
				GCC_WARN_64_TO_32_BIT_CONVERSION = YES;
				GCC_WARN_ABOUT_RETURN_TYPE = YES_ERROR;
				GCC_WARN_UNDECLARED_SELECTOR = YES;
				GCC_WARN_UNINITIALIZED_AUTOS = YES_AGGRESSIVE;
				GCC_WARN_UNUSED_FUNCTION = YES;
				GCC_WARN_UNUSED_VARIABLE = YES;
				MACOSX_DEPLOYMENT_TARGET = 10.15;
				MTL_ENABLE_DEBUG_INFO = NO;
				MTL_FAST_MATH = YES;
				SDKROOT = macosx;
				STRIP_INSTALLED_PRODUCT = YES;
			};
			name = Release;
		};
		84D8D5D62F0FC43800C603CA /* Debug */ = {
			isa = XCBuildConfiguration;
			buildSettings = {
				ARCHS = x86_64;
				CLANG_CXX_LANGUAGE_STANDARD = "c++20";
				CLANG_ENABLE_MODULES = NO;
				CLANG_ENABLE_OBJC_ARC = NO;
				CLANG_WARN_DOCUMENTATION_COMMENTS = NO;
				CLANG_X86_VECTOR_INSTRUCTIONS = avx2;
				CODE_SIGN_STYLE = Automatic;
				COMBINE_HIDPI_IMAGES = YES;
				COPY_PHASE_STRIP = NO;
				DEFINES_MODULE = NO;
				DEPLOYMENT_POSTPROCESSING = NO;
				DYLIB_COMPATIBILITY_VERSION = 1;
				DYLIB_CURRENT_VERSION = 1;
				DYLIB_INSTALL_NAME_BASE = "@rpath";
				EXPORTED_SYMBOLS_FILE = "$(PROJECT_DIR)/McRT-Malloc.exp";
				GCC_C_LANGUAGE_STANDARD = c17;
				GCC_ENABLE_CPP_EXCEPTIONS = NO;
				GCC_ENABLE_CPP_RTTI = NO;
				GCC_PREPROCESSOR_DEFINITIONS = (
					"$(inherited)",
					"TBB_SUPPRESS_DEPRECATED_MESSAGES=1",
					"__TBB_BUILD=1",
					"__TBBMALLOC_BUILD=1",
					"__TBB_NO_IMPLICIT_LINKAGE=1",
					"_TBBMALLOC_NO_IMPLICIT_LINKAGE=1",
					USE_PTHREAD,
				);
				GCC_SYMBOLS_PRIVATE_EXTERN = NO;
				GENERATE_INFOPLIST_FILE = YES;
				HEADER_SEARCH_PATHS = "$(PROJECT_DIR)/../thirdparty/Intel-TBB/include";
				INSTALL_PATH = "$(LOCAL_LIBRARY_DIR)/Frameworks";
				LD_RUNPATH_SEARCH_PATHS = (
					"$(inherited)",
					"@executable_path/../Frameworks",
				);
				MACOSX_DEPLOYMENT_TARGET = 10.15;
				OTHER_CFLAGS = "";
				"OTHER_CFLAGS[arch=i386]" = (
					"$(inherited)",
					"-mf16c",
					"-mfma",
				);
				"OTHER_CFLAGS[arch=x86_64]" = (
					"$(inherited)",
					"-mf16c",
					"-mfma",
				);
				PRODUCT_BUNDLE_IDENTIFIER = "IO.GitHub.BriochePuppet.McRT-Malloc";
				PRODUCT_NAME = "$(TARGET_NAME)";
				SKIP_INSTALL = YES;
				STRIP_INSTALLED_PRODUCT = NO;
			};
			name = Debug;
		};
		84D8D5D72F0FC43800C603CA /* Release */ = {
			isa = XCBuildConfiguration;
			buildSettings = {
				ARCHS = x86_64;
				CLANG_CXX_LANGUAGE_STANDARD = "c++20";
				CLANG_ENABLE_MODULES = NO;
				CLANG_ENABLE_OBJC_ARC = NO;
				CLANG_WARN_DOCUMENTATION_COMMENTS = NO;
				CLANG_X86_VECTOR_INSTRUCTIONS = avx2;
				CODE_SIGN_STYLE = Automatic;
				COMBINE_HIDPI_IMAGES = YES;
				COPY_PHASE_STRIP = YES;
				DEFINES_MODULE = NO;
				DEPLOYMENT_POSTPROCESSING = YES;
				DYLIB_COMPATIBILITY_VERSION = 1;
				DYLIB_CURRENT_VERSION = 1;
				DYLIB_INSTALL_NAME_BASE = "@rpath";
				EXPORTED_SYMBOLS_FILE = "$(PROJECT_DIR)/McRT-Malloc.exp";
				GCC_C_LANGUAGE_STANDARD = c17;
				GCC_ENABLE_CPP_EXCEPTIONS = NO;
				GCC_ENABLE_CPP_RTTI = NO;
				GCC_PREPROCESSOR_DEFINITIONS = (
					"$(inherited)",
					"TBB_SUPPRESS_DEPRECATED_MESSAGES=1",
					"__TBB_BUILD=1",
					"_TBBMALLOC_BUILD=1",
					"__TBB_NO_IMPLICIT_LINKAGE=1",
					"__TBBMALLOC_NO_IMPLICIT_LINKAGE=1",
					USE_PTHREAD,
				);
				GCC_SYMBOLS_PRIVATE_EXTERN = NO;
				GENERATE_INFOPLIST_FILE = YES;
				HEADER_SEARCH_PATHS = "$(PROJECT_DIR)/../thirdparty/Intel-TBB/include";
				INSTALL_PATH = "$(LOCAL_LIBRARY_DIR)/Frameworks";
				LD_RUNPATH_SEARCH_PATHS = (
					"$(inherited)",
					"@executable_path/../Frameworks",
				);
				MACOSX_DEPLOYMENT_TARGET = 10.15;
				OTHER_CFLAGS = "";
				"OTHER_CFLAGS[arch=i386]" = (
					"$(inherited)",
					"-mf16c",
					"-mfma",
				);
				"OTHER_CFLAGS[arch=x86_64]" = (
					"$(inherited)",
					"-mf16c",
					"-mfma",
				);
				PRODUCT_BUNDLE_IDENTIFIER = "IO.GitHub.BriochePuppet.McRT-Malloc";
				PRODUCT_NAME = "$(TARGET_NAME)";
				SKIP_INSTALL = YES;
				STRIP_INSTALLED_PRODUCT = YES;
			};
			name = Release;
		};
/* End XCBuildConfiguration section */

/* Begin XCConfigurationList section */
		84D8D5BC2F0FC39100C603CA /* Build configuration list for PBXProject "McRT-Malloc" */ = {
			isa = XCConfigurationList;
			buildConfigurations = (
				84D8D5CB2F0FC39100C603CA /* Debug */,
				84D8D5CC2F0FC39100C603CA /* Release */,
			);
			defaultConfigurationIsVisible = 0;
			defaultConfigurationName = Release;
		};
		84D8D5D92F0FC43800C603CA /* Build configuration list for PBXNativeTarget "McRT-Malloc" */ = {
			isa = XCConfigurationList;
			buildConfigurations = (
				84D8D5D62F0FC43800C603CA /* Debug */,
				84D8D5D72F0FC43800C603CA /* Release */,
			);
			defaultConfigurationIsVisible = 0;
			defaultConfigurationName = Release;
		};
/* End XCConfigurationList section */
	};
	rootObject = 84D8D5B92F0FC39100C603CA /* Project object */;
}
